
Microsoft Visual Studio Solution File, Format Version 12.00
# Visual Studio Version 17
VisualStudioVersion = 17.14.36203.30 d17.14
MinimumVisualStudioVersion = 10.0.40219.1
Project("{FAE04EC0-301F-11D3-BF4B-00C04F79EFBC}") = "JES'SPIZZAHOUSE", "JES'SPIZZAHOUSE.csproj", "{600C8974-8E7C-4BF7-BB06-FC67314FFA96}"
EndProject
Global
	GlobalSection(SolutionConfigurationPlatforms) = preSolution
		Debug|Any CPU = Debug|Any CPU
		Release|Any CPU = Release|Any CPU
	EndGlobalSection
	GlobalSection(ProjectConfigurationPlatforms) = postSolution
		{600C8974-8E7C-4BF7-BB06-FC67314FFA96}.Debug|Any CPU.ActiveCfg = Debug|Any CPU
		{600C8974-8E7C-4BF7-BB06-FC67314FFA96}.Debug|Any CPU.Build.0 = Debug|Any CPU
		{600C8974-8E7C-4BF7-BB06-FC67314FFA96}.Release|Any CPU.ActiveCfg = Release|Any CPU
		{600C8974-8E7C-4BF7-BB06-FC67314FFA96}.Release|Any CPU.Build.0 = Release|Any CPU
	EndGlobalSection
	GlobalSection(SolutionProperties) = preSolution
		HideSolutionNode = FALSE
	EndGlobalSection
	GlobalSection(ExtensibilityGlobals) = postSolution
		SolutionGuid = {3D617DFD-A56A-473D-A05C-FE27A9C74C04}
	EndGlobalSection
EndGlobal
